
Microsoft Visual Studio Solution File, Format Version 12.00
# Visual Studio 15
VisualStudioVersion = 15.0.26228.9
MinimumVisualStudioVersion = 10.0.40219.1
Project("{2150E333-8FDC-42A3-9474-1A3956D46DE8}") = "thrift", "thrift", "{EB1ABC99-0CB6-4E8E-A9FF-23E8A8ECC92A}"
	ProjectSection(SolutionItems) = preProject
		tools\thrift\scribe.thrift = tools\thrift\scribe.thrift
		tools\thrift\zipkinCore.thrift = tools\thrift\zipkinCore.thrift
		tools\thrift\zipkinDependencies.thrift = tools\thrift\zipkinDependencies.thrift
	EndProjectSection
EndProject
Project("{2150E333-8FDC-42A3-9474-1A3956D46DE8}") = "src", "src", "{8A723099-C10E-4B5B-B8D4-682CB255D8ED}"
EndProject
Project("{2150E333-8FDC-42A3-9474-1A3956D46DE8}") = "tests", "tests", "{D0018292-24A5-4200-B74D-2652C5C4FB57}"
EndProject
Project("{2150E333-8FDC-42A3-9474-1A3956D46DE8}") = "examples", "examples", "{CE742124-A835-4B08-A7B6-7B1550C8215F}"
EndProject
Project("{FAE04EC0-301F-11D3-BF4B-00C04F79EFBC}") = "Zipkin.Core", "src\.NET Classic\Zipkin.Core\Zipkin.Core.csproj", "{4BB262E2-3927-4E75-952A-F0CF8DDB36B9}"
EndProject
Project("{FAE04EC0-301F-11D3-BF4B-00C04F79EFBC}") = "ZipkinExample", "examples\ZipkinExample\ZipkinExample.csproj", "{7D03BA73-ECC3-4295-9740-7B8E00552341}"
EndProject
Project("{FAE04EC0-301F-11D3-BF4B-00C04F79EFBC}") = "Zipkin.Core.Tests", "tests\Zipkin.Core.Tests\Zipkin.Core.Tests.csproj", "{BAFFCFD1-84EF-4896-A28C-EB97500F5224}"
EndProject
Project("{2150E333-8FDC-42A3-9474-1A3956D46DE8}") = "Solution Items", "Solution Items", "{619760EE-68EE-4392-AA46-B94FEC6B79C9}"
	ProjectSection(SolutionItems) = preProject
		README.md = README.md
		RELEASE_NOTES.md = RELEASE_NOTES.md
	EndProjectSection
EndProject
Project("{FAE04EC0-301F-11D3-BF4B-00C04F79EFBC}") = "Zipkin.Collector.Kafka", "src\.NET Classic\Zipkin.Collector.Kafka\Zipkin.Collector.Kafka.csproj", "{BB1C4B54-9638-40CB-A785-6228B391E621}"
EndProject
Project("{2150E333-8FDC-42A3-9474-1A3956D46DE8}") = "tools", "tools", "{3A5EEDCE-5B00-406F-A904-10C71E8ABCBD}"
	ProjectSection(SolutionItems) = preProject
		build.bat = build.bat
		build.fsx = build.fsx
	EndProjectSection
EndProject
Project("{2150E333-8FDC-42A3-9474-1A3956D46DE8}") = "zipkin", "zipkin", "{1050EEEC-F214-4C7B-A6F4-B4EC14F04078}"
	ProjectSection(SolutionItems) = preProject
		tools\zipkin\run.bat = tools\zipkin\run.bat
		tools\zipkin\zipkin-server-0.18.2-exec.jar = tools\zipkin\zipkin-server-0.18.2-exec.jar
	EndProjectSection
EndProject
Project("{2150E333-8FDC-42A3-9474-1A3956D46DE8}") = ".NET Core", ".NET Core", "{20D0EC8E-816E-43D9-8BD7-D556EF0971F9}"
EndProject
Project("{2150E333-8FDC-42A3-9474-1A3956D46DE8}") = ".NET Classic", ".NET Classic", "{7B2BEC65-B2DE-4861-B217-4C78394B1EF0}"
EndProject
Project("{FAE04EC0-301F-11D3-BF4B-00C04F79EFBC}") = "Zipkin.Collector.Kafka", "src\.NET Core\Zipkin.Collector.Kafka\Zipkin.Collector.Kafka.csproj", "{C12FB710-4347-4A81-B078-53E6F2E15558}"
EndProject
Project("{FAE04EC0-301F-11D3-BF4B-00C04F79EFBC}") = "Zipkin.Core", "src\.NET Core\Zipkin.Core\Zipkin.Core.csproj", "{36973788-A7FD-4F7D-9D92-066DC987B8B2}"
EndProject
Global
	GlobalSection(SolutionConfigurationPlatforms) = preSolution
		Debug|Any CPU = Debug|Any CPU
		Release|Any CPU = Release|Any CPU
	EndGlobalSection
	GlobalSection(ProjectConfigurationPlatforms) = postSolution
		{4BB262E2-3927-4E75-952A-F0CF8DDB36B9}.Debug|Any CPU.ActiveCfg = Debug|Any CPU
		{4BB262E2-3927-4E75-952A-F0CF8DDB36B9}.Debug|Any CPU.Build.0 = Debug|Any CPU
		{4BB262E2-3927-4E75-952A-F0CF8DDB36B9}.Release|Any CPU.ActiveCfg = Release|Any CPU
		{4BB262E2-3927-4E75-952A-F0CF8DDB36B9}.Release|Any CPU.Build.0 = Release|Any CPU
		{7D03BA73-ECC3-4295-9740-7B8E00552341}.Debug|Any CPU.ActiveCfg = Debug|Any CPU
		{7D03BA73-ECC3-4295-9740-7B8E00552341}.Debug|Any CPU.Build.0 = Debug|Any CPU
		{7D03BA73-ECC3-4295-9740-7B8E00552341}.Release|Any CPU.ActiveCfg = Release|Any CPU
		{7D03BA73-ECC3-4295-9740-7B8E00552341}.Release|Any CPU.Build.0 = Release|Any CPU
		{BAFFCFD1-84EF-4896-A28C-EB97500F5224}.Debug|Any CPU.ActiveCfg = Debug|Any CPU
		{BAFFCFD1-84EF-4896-A28C-EB97500F5224}.Debug|Any CPU.Build.0 = Debug|Any CPU
		{BAFFCFD1-84EF-4896-A28C-EB97500F5224}.Release|Any CPU.ActiveCfg = Release|Any CPU
		{BAFFCFD1-84EF-4896-A28C-EB97500F5224}.Release|Any CPU.Build.0 = Release|Any CPU
		{BB1C4B54-9638-40CB-A785-6228B391E621}.Debug|Any CPU.ActiveCfg = Debug|Any CPU
		{BB1C4B54-9638-40CB-A785-6228B391E621}.Debug|Any CPU.Build.0 = Debug|Any CPU
		{BB1C4B54-9638-40CB-A785-6228B391E621}.Release|Any CPU.ActiveCfg = Release|Any CPU
		{BB1C4B54-9638-40CB-A785-6228B391E621}.Release|Any CPU.Build.0 = Release|Any CPU
		{C12FB710-4347-4A81-B078-53E6F2E15558}.Debug|Any CPU.ActiveCfg = Debug|Any CPU
		{C12FB710-4347-4A81-B078-53E6F2E15558}.Debug|Any CPU.Build.0 = Debug|Any CPU
		{C12FB710-4347-4A81-B078-53E6F2E15558}.Release|Any CPU.ActiveCfg = Release|Any CPU
		{C12FB710-4347-4A81-B078-53E6F2E15558}.Release|Any CPU.Build.0 = Release|Any CPU
		{36973788-A7FD-4F7D-9D92-066DC987B8B2}.Debug|Any CPU.ActiveCfg = Debug|Any CPU
		{36973788-A7FD-4F7D-9D92-066DC987B8B2}.Debug|Any CPU.Build.0 = Debug|Any CPU
		{36973788-A7FD-4F7D-9D92-066DC987B8B2}.Release|Any CPU.ActiveCfg = Release|Any CPU
		{36973788-A7FD-4F7D-9D92-066DC987B8B2}.Release|Any CPU.Build.0 = Release|Any CPU
	EndGlobalSection
	GlobalSection(SolutionProperties) = preSolution
		HideSolutionNode = FALSE
	EndGlobalSection
	GlobalSection(NestedProjects) = preSolution
		{EB1ABC99-0CB6-4E8E-A9FF-23E8A8ECC92A} = {3A5EEDCE-5B00-406F-A904-10C71E8ABCBD}
		{4BB262E2-3927-4E75-952A-F0CF8DDB36B9} = {7B2BEC65-B2DE-4861-B217-4C78394B1EF0}
		{7D03BA73-ECC3-4295-9740-7B8E00552341} = {CE742124-A835-4B08-A7B6-7B1550C8215F}
		{BAFFCFD1-84EF-4896-A28C-EB97500F5224} = {D0018292-24A5-4200-B74D-2652C5C4FB57}
		{BB1C4B54-9638-40CB-A785-6228B391E621} = {7B2BEC65-B2DE-4861-B217-4C78394B1EF0}
		{1050EEEC-F214-4C7B-A6F4-B4EC14F04078} = {3A5EEDCE-5B00-406F-A904-10C71E8ABCBD}
		{20D0EC8E-816E-43D9-8BD7-D556EF0971F9} = {8A723099-C10E-4B5B-B8D4-682CB255D8ED}
		{7B2BEC65-B2DE-4861-B217-4C78394B1EF0} = {8A723099-C10E-4B5B-B8D4-682CB255D8ED}
		{C12FB710-4347-4A81-B078-53E6F2E15558} = {20D0EC8E-816E-43D9-8BD7-D556EF0971F9}
		{36973788-A7FD-4F7D-9D92-066DC987B8B2} = {20D0EC8E-816E-43D9-8BD7-D556EF0971F9}
	EndGlobalSection
EndGlobal
