
Microsoft Visual Studio Solution File, Format Version 12.00
# Visual Studio 14
VisualStudioVersion = 14.0.25123.0
MinimumVisualStudioVersion = 10.0.40219.1
Project("{2150E333-8FDC-42A3-9474-1A3956D46DE8}") = "thrift", "thrift", "{EB1ABC99-0CB6-4E8E-A9FF-23E8A8ECC92A}"
	ProjectSection(SolutionItems) = preProject
		tools\thrift\scribe.thrift = tools\thrift\scribe.thrift
		tools\thrift\zipkinCore.thrift = tools\thrift\zipkinCore.thrift
		tools\thrift\zipkinDependencies.thrift = tools\thrift\zipkinDependencies.thrift
	EndProjectSection
EndProject
Project("{2150E333-8FDC-42A3-9474-1A3956D46DE8}") = "src", "src", "{8A723099-C10E-4B5B-B8D4-682CB255D8ED}"
EndProject
Project("{2150E333-8FDC-42A3-9474-1A3956D46DE8}") = "tests", "tests", "{D0018292-24A5-4200-B74D-2652C5C4FB57}"
EndProject
Project("{2150E333-8FDC-42A3-9474-1A3956D46DE8}") = "examples", "examples", "{CE742124-A835-4B08-A7B6-7B1550C8215F}"
EndProject
Project("{FAE04EC0-301F-11D3-BF4B-00C04F79EFBC}") = "Zipkin.Tracer", "src\Zipkin.Tracer\Zipkin.Tracer.csproj", "{4BB262E2-3927-4E75-952A-F0CF8DDB36B9}"
EndProject
Project("{FAE04EC0-301F-11D3-BF4B-00C04F79EFBC}") = "ZipkinExample", "examples\ZipkinExample\ZipkinExample.csproj", "{7D03BA73-ECC3-4295-9740-7B8E00552341}"
EndProject
Project("{FAE04EC0-301F-11D3-BF4B-00C04F79EFBC}") = "Zipkin.Tracer.Tests", "tests\Zipkin.Tracer.Tests\Zipkin.Tracer.Tests.csproj", "{BAFFCFD1-84EF-4896-A28C-EB97500F5224}"
EndProject
Project("{2150E333-8FDC-42A3-9474-1A3956D46DE8}") = "Solution Items", "Solution Items", "{619760EE-68EE-4392-AA46-B94FEC6B79C9}"
	ProjectSection(SolutionItems) = preProject
		README.md = README.md
	EndProjectSection
EndProject
Global
	GlobalSection(SolutionConfigurationPlatforms) = preSolution
		Debug|Any CPU = Debug|Any CPU
		Release|Any CPU = Release|Any CPU
	EndGlobalSection
	GlobalSection(ProjectConfigurationPlatforms) = postSolution
		{4BB262E2-3927-4E75-952A-F0CF8DDB36B9}.Debug|Any CPU.ActiveCfg = Debug|Any CPU
		{4BB262E2-3927-4E75-952A-F0CF8DDB36B9}.Debug|Any CPU.Build.0 = Debug|Any CPU
		{4BB262E2-3927-4E75-952A-F0CF8DDB36B9}.Release|Any CPU.ActiveCfg = Release|Any CPU
		{4BB262E2-3927-4E75-952A-F0CF8DDB36B9}.Release|Any CPU.Build.0 = Release|Any CPU
		{7D03BA73-ECC3-4295-9740-7B8E00552341}.Debug|Any CPU.ActiveCfg = Debug|Any CPU
		{7D03BA73-ECC3-4295-9740-7B8E00552341}.Debug|Any CPU.Build.0 = Debug|Any CPU
		{7D03BA73-ECC3-4295-9740-7B8E00552341}.Release|Any CPU.ActiveCfg = Release|Any CPU
		{7D03BA73-ECC3-4295-9740-7B8E00552341}.Release|Any CPU.Build.0 = Release|Any CPU
		{BAFFCFD1-84EF-4896-A28C-EB97500F5224}.Debug|Any CPU.ActiveCfg = Debug|Any CPU
		{BAFFCFD1-84EF-4896-A28C-EB97500F5224}.Debug|Any CPU.Build.0 = Debug|Any CPU
		{BAFFCFD1-84EF-4896-A28C-EB97500F5224}.Release|Any CPU.ActiveCfg = Release|Any CPU
		{BAFFCFD1-84EF-4896-A28C-EB97500F5224}.Release|Any CPU.Build.0 = Release|Any CPU
	EndGlobalSection
	GlobalSection(SolutionProperties) = preSolution
		HideSolutionNode = FALSE
	EndGlobalSection
	GlobalSection(NestedProjects) = preSolution
		{4BB262E2-3927-4E75-952A-F0CF8DDB36B9} = {8A723099-C10E-4B5B-B8D4-682CB255D8ED}
		{7D03BA73-ECC3-4295-9740-7B8E00552341} = {CE742124-A835-4B08-A7B6-7B1550C8215F}
		{BAFFCFD1-84EF-4896-A28C-EB97500F5224} = {D0018292-24A5-4200-B74D-2652C5C4FB57}
	EndGlobalSection
EndGlobal
